
Microsoft Visual Studio Solution File, Format Version 12.00
# Visual Studio 15
VisualStudioVersion = 15.0.28307.1401
MinimumVisualStudioVersion = 10.0.40219.1
Project("{FAE04EC0-301F-11D3-BF4B-00C04F79EFBC}") = "NotePad", "NotePad\NotePad.csproj", "{0CCD87F5-D093-4400-B1A3-FDF8C92A808C}"
EndProject
Global
	GlobalSection(SolutionConfigurationPlatforms) = preSolution
		Debug|Any CPU = Debug|Any CPU
		Release|Any CPU = Release|Any CPU
	EndGlobalSection
	GlobalSection(ProjectConfigurationPlatforms) = postSolution
		{0CCD87F5-D093-4400-B1A3-FDF8C92A808C}.Debug|Any CPU.ActiveCfg = Debug|Any CPU
		{0CCD87F5-D093-4400-B1A3-FDF8C92A808C}.Debug|Any CPU.Build.0 = Debug|Any CPU
		{0CCD87F5-D093-4400-B1A3-FDF8C92A808C}.Release|Any CPU.ActiveCfg = Release|Any CPU
		{0CCD87F5-D093-4400-B1A3-FDF8C92A808C}.Release|Any CPU.Build.0 = Release|Any CPU
	EndGlobalSection
	GlobalSection(SolutionProperties) = preSolution
		HideSolutionNode = FALSE
	EndGlobalSection
	GlobalSection(ExtensibilityGlobals) = postSolution
		SolutionGuid = {C28D6A5A-863D-49B2-80EA-0B3BA75B9FAC}
	EndGlobalSection
EndGlobal
